// !$*UTF8*$!
{
	archiveVersion = 1;
	classes = {
	};
	objectVersion = 55;
	objects = {

/* Begin PBXBuildFile section */
		639F4743C56B02C484D18762 /* Pods_flixster.framework in Frameworks */ = {isa = PBXBuildFile; fileRef = 1C030C427052A90028DAF6C3 /* Pods_flixster.framework */; };
		6E1B94B228D58B2600363BE2 /* AppDelegate.swift in Sources */ = {isa = PBXBuildFile; fileRef = 6E1B94B128D58B2600363BE2 /* AppDelegate.swift */; };
		6E1B94B428D58B2600363BE2 /* SceneDelegate.swift in Sources */ = {isa = PBXBuildFile; fileRef = 6E1B94B328D58B2600363BE2 /* SceneDelegate.swift */; };
		6E1B94B628D58B2600363BE2 /* ViewController.swift in Sources */ = {isa = PBXBuildFile; fileRef = 6E1B94B528D58B2600363BE2 /* ViewController.swift */; };
		6E1B94B928D58B2600363BE2 /* Main.storyboard in Resources */ = {isa = PBXBuildFile; fileRef = 6E1B94B728D58B2600363BE2 /* Main.storyboard */; };
		6E1B94BB28D58B2800363BE2 /* Assets.xcassets in Resources */ = {isa = PBXBuildFile; fileRef = 6E1B94BA28D58B2800363BE2 /* Assets.xcassets */; };
		6E1B94BE28D58B2800363BE2 /* LaunchScreen.storyboard in Resources */ = {isa = PBXBuildFile; fileRef = 6E1B94BC28D58B2800363BE2 /* LaunchScreen.storyboard */; };
		6E1B94C928D58B2900363BE2 /* flixsterTests.swift in Sources */ = {isa = PBXBuildFile; fileRef = 6E1B94C828D58B2900363BE2 /* flixsterTests.swift */; };
		6E1B94D328D58B2900363BE2 /* flixsterUITests.swift in Sources */ = {isa = PBXBuildFile; fileRef = 6E1B94D228D58B2900363BE2 /* flixsterUITests.swift */; };
		6E1B94D528D58B2900363BE2 /* flixsterUITestsLaunchTests.swift in Sources */ = {isa = PBXBuildFile; fileRef = 6E1B94D428D58B2900363BE2 /* flixsterUITestsLaunchTests.swift */; };
		6E1B94E228D591DA00363BE2 /* MovieCell.swift in Sources */ = {isa = PBXBuildFile; fileRef = 6E1B94E128D591DA00363BE2 /* MovieCell.swift */; };
		6E791CD228DEC7370035737F /* MovieDetailsViewController.swift in Sources */ = {isa = PBXBuildFile; fileRef = 6E791CD128DEC7370035737F /* MovieDetailsViewController.swift */; };
		6E791CD428DED1250035737F /* MovieGridViewController.swift in Sources */ = {isa = PBXBuildFile; fileRef = 6E791CD328DED1250035737F /* MovieGridViewController.swift */; };
		6E791CD628DED4DF0035737F /* MovieGridCell.swift in Sources */ = {isa = PBXBuildFile; fileRef = 6E791CD528DED4DF0035737F /* MovieGridCell.swift */; };
		8C97C6BDCC2FE6C95812DB59 /* Pods_flixsterTests.framework in Frameworks */ = {isa = PBXBuildFile; fileRef = 6BC86A72D4EAC91AD7457D17 /* Pods_flixsterTests.framework */; };
		A70B272713054988291CE53E /* Pods_flixster_flixsterUITests.framework in Frameworks */ = {isa = PBXBuildFile; fileRef = 2888EDC60A0CEAACA1F6EEC5 /* Pods_flixster_flixsterUITests.framework */; };
/* End PBXBuildFile section */

/* Begin PBXContainerItemProxy section */
		6E1B94C528D58B2900363BE2 /* PBXContainerItemProxy */ = {
			isa = PBXContainerItemProxy;
			containerPortal = 6E1B94A628D58B2500363BE2 /* Project object */;
			proxyType = 1;
			remoteGlobalIDString = 6E1B94AD28D58B2600363BE2;
			remoteInfo = flixster;
		};
		6E1B94CF28D58B2900363BE2 /* PBXContainerItemProxy */ = {
			isa = PBXContainerItemProxy;
			containerPortal = 6E1B94A628D58B2500363BE2 /* Project object */;
			proxyType = 1;
			remoteGlobalIDString = 6E1B94AD28D58B2600363BE2;
			remoteInfo = flixster;
		};
/* End PBXContainerItemProxy section */

/* Begin PBXFileReference section */
		03A52CA1701B88EBF7F46E96 /* Pods-flixsterTests.release.xcconfig */ = {isa = PBXFileReference; includeInIndex = 1; lastKnownFileType = text.xcconfig; name = "Pods-flixsterTests.release.xcconfig"; path = "Target Support Files/Pods-flixsterTests/Pods-flixsterTests.release.xcconfig"; sourceTree = "<group>"; };
		0F8E78F085B5A92BD6DA54FB /* Pods-flixster-flixsterUITests.release.xcconfig */ = {isa = PBXFileReference; includeInIndex = 1; lastKnownFileType = text.xcconfig; name = "Pods-flixster-flixsterUITests.release.xcconfig"; path = "Target Support Files/Pods-flixster-flixsterUITests/Pods-flixster-flixsterUITests.release.xcconfig"; sourceTree = "<group>"; };
		1C030C427052A90028DAF6C3 /* Pods_flixster.framework */ = {isa = PBXFileReference; explicitFileType = wrapper.framework; includeInIndex = 0; path = Pods_flixster.framework; sourceTree = BUILT_PRODUCTS_DIR; };
		2888EDC60A0CEAACA1F6EEC5 /* Pods_flixster_flixsterUITests.framework */ = {isa = PBXFileReference; explicitFileType = wrapper.framework; includeInIndex = 0; path = Pods_flixster_flixsterUITests.framework; sourceTree = BUILT_PRODUCTS_DIR; };
		37135723D465DA9028166CD7 /* Pods-flixster-flixsterUITests.debug.xcconfig */ = {isa = PBXFileReference; includeInIndex = 1; lastKnownFileType = text.xcconfig; name = "Pods-flixster-flixsterUITests.debug.xcconfig"; path = "Target Support Files/Pods-flixster-flixsterUITests/Pods-flixster-flixsterUITests.debug.xcconfig"; sourceTree = "<group>"; };
		3C1DBC64AFF3AA1DFFE25F25 /* Pods-flixsterTests.debug.xcconfig */ = {isa = PBXFileReference; includeInIndex = 1; lastKnownFileType = text.xcconfig; name = "Pods-flixsterTests.debug.xcconfig"; path = "Target Support Files/Pods-flixsterTests/Pods-flixsterTests.debug.xcconfig"; sourceTree = "<group>"; };
		6BC86A72D4EAC91AD7457D17 /* Pods_flixsterTests.framework */ = {isa = PBXFileReference; explicitFileType = wrapper.framework; includeInIndex = 0; path = Pods_flixsterTests.framework; sourceTree = BUILT_PRODUCTS_DIR; };
		6E1B94AE28D58B2600363BE2 /* flixster.app */ = {isa = PBXFileReference; explicitFileType = wrapper.application; includeInIndex = 0; path = flixster.app; sourceTree = BUILT_PRODUCTS_DIR; };
		6E1B94B128D58B2600363BE2 /* AppDelegate.swift */ = {isa = PBXFileReference; lastKnownFileType = sourcecode.swift; path = AppDelegate.swift; sourceTree = "<group>"; };
		6E1B94B328D58B2600363BE2 /* SceneDelegate.swift */ = {isa = PBXFileReference; lastKnownFileType = sourcecode.swift; path = SceneDelegate.swift; sourceTree = "<group>"; };
		6E1B94B528D58B2600363BE2 /* ViewController.swift */ = {isa = PBXFileReference; lastKnownFileType = sourcecode.swift; path = ViewController.swift; sourceTree = "<group>"; };
		6E1B94B828D58B2600363BE2 /* Base */ = {isa = PBXFileReference; lastKnownFileType = file.storyboard; name = Base; path = Base.lproj/Main.storyboard; sourceTree = "<group>"; };
		6E1B94BA28D58B2800363BE2 /* Assets.xcassets */ = {isa = PBXFileReference; lastKnownFileType = folder.assetcatalog; path = Assets.xcassets; sourceTree = "<group>"; };
		6E1B94BD28D58B2800363BE2 /* Base */ = {isa = PBXFileReference; lastKnownFileType = file.storyboard; name = Base; path = Base.lproj/LaunchScreen.storyboard; sourceTree = "<group>"; };
		6E1B94BF28D58B2800363BE2 /* Info.plist */ = {isa = PBXFileReference; lastKnownFileType = text.plist.xml; path = Info.plist; sourceTree = "<group>"; };
		6E1B94C428D58B2900363BE2 /* flixsterTests.xctest */ = {isa = PBXFileReference; explicitFileType = wrapper.cfbundle; includeInIndex = 0; path = flixsterTests.xctest; sourceTree = BUILT_PRODUCTS_DIR; };
		6E1B94C828D58B2900363BE2 /* flixsterTests.swift */ = {isa = PBXFileReference; lastKnownFileType = sourcecode.swift; path = flixsterTests.swift; sourceTree = "<group>"; };
		6E1B94CE28D58B2900363BE2 /* flixsterUITests.xctest */ = {isa = PBXFileReference; explicitFileType = wrapper.cfbundle; includeInIndex = 0; path = flixsterUITests.xctest; sourceTree = BUILT_PRODUCTS_DIR; };
		6E1B94D228D58B2900363BE2 /* flixsterUITests.swift */ = {isa = PBXFileReference; lastKnownFileType = sourcecode.swift; path = flixsterUITests.swift; sourceTree = "<group>"; };
		6E1B94D428D58B2900363BE2 /* flixsterUITestsLaunchTests.swift */ = {isa = PBXFileReference; lastKnownFileType = sourcecode.swift; path = flixsterUITestsLaunchTests.swift; sourceTree = "<group>"; };
		6E1B94E128D591DA00363BE2 /* MovieCell.swift */ = {isa = PBXFileReference; lastKnownFileType = sourcecode.swift; path = MovieCell.swift; sourceTree = "<group>"; };
		6E791CD128DEC7370035737F /* MovieDetailsViewController.swift */ = {isa = PBXFileReference; lastKnownFileType = sourcecode.swift; path = MovieDetailsViewController.swift; sourceTree = "<group>"; };
		6E791CD328DED1250035737F /* MovieGridViewController.swift */ = {isa = PBXFileReference; lastKnownFileType = sourcecode.swift; path = MovieGridViewController.swift; sourceTree = "<group>"; };
		6E791CD528DED4DF0035737F /* MovieGridCell.swift */ = {isa = PBXFileReference; lastKnownFileType = sourcecode.swift; path = MovieGridCell.swift; sourceTree = "<group>"; };
		7787F674318AFFB34888C62B /* Pods-flixster.release.xcconfig */ = {isa = PBXFileReference; includeInIndex = 1; lastKnownFileType = text.xcconfig; name = "Pods-flixster.release.xcconfig"; path = "Target Support Files/Pods-flixster/Pods-flixster.release.xcconfig"; sourceTree = "<group>"; };
		BC2FA39342F4C34D0C9AD998 /* Pods-flixster.debug.xcconfig */ = {isa = PBXFileReference; includeInIndex = 1; lastKnownFileType = text.xcconfig; name = "Pods-flixster.debug.xcconfig"; path = "Target Support Files/Pods-flixster/Pods-flixster.debug.xcconfig"; sourceTree = "<group>"; };
/* End PBXFileReference section */

/* Begin PBXFrameworksBuildPhase section */
		6E1B94AB28D58B2600363BE2 /* Frameworks */ = {
			isa = PBXFrameworksBuildPhase;
			buildActionMask = 2147483647;
			files = (
				639F4743C56B02C484D18762 /* Pods_flixster.framework in Frameworks */,
			);
			runOnlyForDeploymentPostprocessing = 0;
		};
		6E1B94C128D58B2900363BE2 /* Frameworks */ = {
			isa = PBXFrameworksBuildPhase;
			buildActionMask = 2147483647;
			files = (
				8C97C6BDCC2FE6C95812DB59 /* Pods_flixsterTests.framework in Frameworks */,
			);
			runOnlyForDeploymentPostprocessing = 0;
		};
		6E1B94CB28D58B2900363BE2 /* Frameworks */ = {
			isa = PBXFrameworksBuildPhase;
			buildActionMask = 2147483647;
			files = (
				A70B272713054988291CE53E /* Pods_flixster_flixsterUITests.framework in Frameworks */,
			);
			runOnlyForDeploymentPostprocessing = 0;
		};
/* End PBXFrameworksBuildPhase section */

/* Begin PBXGroup section */
		197E2ECF2A6FBFB73340A2CB /* Pods */ = {
			isa = PBXGroup;
			children = (
				BC2FA39342F4C34D0C9AD998 /* Pods-flixster.debug.xcconfig */,
				7787F674318AFFB34888C62B /* Pods-flixster.release.xcconfig */,
				37135723D465DA9028166CD7 /* Pods-flixster-flixsterUITests.debug.xcconfig */,
				0F8E78F085B5A92BD6DA54FB /* Pods-flixster-flixsterUITests.release.xcconfig */,
				3C1DBC64AFF3AA1DFFE25F25 /* Pods-flixsterTests.debug.xcconfig */,
				03A52CA1701B88EBF7F46E96 /* Pods-flixsterTests.release.xcconfig */,
			);
			path = Pods;
			sourceTree = "<group>";
		};
		28CEC305499282E844C51F6C /* Frameworks */ = {
			isa = PBXGroup;
			children = (
				1C030C427052A90028DAF6C3 /* Pods_flixster.framework */,
				2888EDC60A0CEAACA1F6EEC5 /* Pods_flixster_flixsterUITests.framework */,
				6BC86A72D4EAC91AD7457D17 /* Pods_flixsterTests.framework */,
			);
			name = Frameworks;
			sourceTree = "<group>";
		};
		6E1B94A528D58B2500363BE2 = {
			isa = PBXGroup;
			children = (
				6E1B94B028D58B2600363BE2 /* flixster */,
				6E1B94C728D58B2900363BE2 /* flixsterTests */,
				6E1B94D128D58B2900363BE2 /* flixsterUITests */,
				6E1B94AF28D58B2600363BE2 /* Products */,
				197E2ECF2A6FBFB73340A2CB /* Pods */,
				28CEC305499282E844C51F6C /* Frameworks */,
			);
			sourceTree = "<group>";
		};
		6E1B94AF28D58B2600363BE2 /* Products */ = {
			isa = PBXGroup;
			children = (
				6E1B94AE28D58B2600363BE2 /* flixster.app */,
				6E1B94C428D58B2900363BE2 /* flixsterTests.xctest */,
				6E1B94CE28D58B2900363BE2 /* flixsterUITests.xctest */,
			);
			name = Products;
			sourceTree = "<group>";
		};
		6E1B94B028D58B2600363BE2 /* flixster */ = {
			isa = PBXGroup;
			children = (
				6E1B94B128D58B2600363BE2 /* AppDelegate.swift */,
				6E1B94B328D58B2600363BE2 /* SceneDelegate.swift */,
				6E1B94B528D58B2600363BE2 /* ViewController.swift */,
				6E1B94B728D58B2600363BE2 /* Main.storyboard */,
				6E1B94E128D591DA00363BE2 /* MovieCell.swift */,
				6E1B94BA28D58B2800363BE2 /* Assets.xcassets */,
				6E1B94BC28D58B2800363BE2 /* LaunchScreen.storyboard */,
				6E1B94BF28D58B2800363BE2 /* Info.plist */,
				6E791CD128DEC7370035737F /* MovieDetailsViewController.swift */,
				6E791CD328DED1250035737F /* MovieGridViewController.swift */,
				6E791CD528DED4DF0035737F /* MovieGridCell.swift */,
			);
			path = flixster;
			sourceTree = "<group>";
		};
		6E1B94C728D58B2900363BE2 /* flixsterTests */ = {
			isa = PBXGroup;
			children = (
				6E1B94C828D58B2900363BE2 /* flixsterTests.swift */,
			);
			path = flixsterTests;
			sourceTree = "<group>";
		};
		6E1B94D128D58B2900363BE2 /* flixsterUITests */ = {
			isa = PBXGroup;
			children = (
				6E1B94D228D58B2900363BE2 /* flixsterUITests.swift */,
				6E1B94D428D58B2900363BE2 /* flixsterUITestsLaunchTests.swift */,
			);
			path = flixsterUITests;
			sourceTree = "<group>";
		};
/* End PBXGroup section */

/* Begin PBXNativeTarget section */
		6E1B94AD28D58B2600363BE2 /* flixster */ = {
			isa = PBXNativeTarget;
			buildConfigurationList = 6E1B94D828D58B2900363BE2 /* Build configuration list for PBXNativeTarget "flixster" */;
			buildPhases = (
				AC35BFB76C93CF94ADBC2035 /* [CP] Check Pods Manifest.lock */,
				6E1B94AA28D58B2600363BE2 /* Sources */,
				6E1B94AB28D58B2600363BE2 /* Frameworks */,
				6E1B94AC28D58B2600363BE2 /* Resources */,
				0D84FAC9EB153F70039A4677 /* [CP] Embed Pods Frameworks */,
			);
			buildRules = (
			);
			dependencies = (
			);
			name = flixster;
			productName = flixster;
			productReference = 6E1B94AE28D58B2600363BE2 /* flixster.app */;
			productType = "com.apple.product-type.application";
		};
		6E1B94C328D58B2900363BE2 /* flixsterTests */ = {
			isa = PBXNativeTarget;
			buildConfigurationList = 6E1B94DB28D58B2900363BE2 /* Build configuration list for PBXNativeTarget "flixsterTests" */;
			buildPhases = (
				3435F83D3CCD2037F13F6282 /* [CP] Check Pods Manifest.lock */,
				6E1B94C028D58B2900363BE2 /* Sources */,
				6E1B94C128D58B2900363BE2 /* Frameworks */,
				6E1B94C228D58B2900363BE2 /* Resources */,
			);
			buildRules = (
			);
			dependencies = (
				6E1B94C628D58B2900363BE2 /* PBXTargetDependency */,
			);
			name = flixsterTests;
			productName = flixsterTests;
			productReference = 6E1B94C428D58B2900363BE2 /* flixsterTests.xctest */;
			productType = "com.apple.product-type.bundle.unit-test";
		};
		6E1B94CD28D58B2900363BE2 /* flixsterUITests */ = {
			isa = PBXNativeTarget;
			buildConfigurationList = 6E1B94DE28D58B2900363BE2 /* Build configuration list for PBXNativeTarget "flixsterUITests" */;
			buildPhases = (
				E32C461200D07A534F38AE6E /* [CP] Check Pods Manifest.lock */,
				6E1B94CA28D58B2900363BE2 /* Sources */,
				6E1B94CB28D58B2900363BE2 /* Frameworks */,
				6E1B94CC28D58B2900363BE2 /* Resources */,
				CEF37A79186828BE1FF3B8AF /* [CP] Embed Pods Frameworks */,
			);
			buildRules = (
			);
			dependencies = (
				6E1B94D028D58B2900363BE2 /* PBXTargetDependency */,
			);
			name = flixsterUITests;
			productName = flixsterUITests;
			productReference = 6E1B94CE28D58B2900363BE2 /* flixsterUITests.xctest */;
			productType = "com.apple.product-type.bundle.ui-testing";
		};
/* End PBXNativeTarget section */

/* Begin PBXProject section */
		6E1B94A628D58B2500363BE2 /* Project object */ = {
			isa = PBXProject;
			attributes = {
				BuildIndependentTargetsInParallel = 1;
				LastSwiftUpdateCheck = 1340;
				LastUpgradeCheck = 1340;
				TargetAttributes = {
					6E1B94AD28D58B2600363BE2 = {
						CreatedOnToolsVersion = 13.4.1;
					};
					6E1B94C328D58B2900363BE2 = {
						CreatedOnToolsVersion = 13.4.1;
						TestTargetID = 6E1B94AD28D58B2600363BE2;
					};
					6E1B94CD28D58B2900363BE2 = {
						CreatedOnToolsVersion = 13.4.1;
						TestTargetID = 6E1B94AD28D58B2600363BE2;
					};
				};
			};
			buildConfigurationList = 6E1B94A928D58B2500363BE2 /* Build configuration list for PBXProject "flixster" */;
			compatibilityVersion = "Xcode 13.0";
			developmentRegion = en;
			hasScannedForEncodings = 0;
			knownRegions = (
				en,
				Base,
			);
			mainGroup = 6E1B94A528D58B2500363BE2;
			productRefGroup = 6E1B94AF28D58B2600363BE2 /* Products */;
			projectDirPath = "";
			projectRoot = "";
			targets = (
				6E1B94AD28D58B2600363BE2 /* flixster */,
				6E1B94C328D58B2900363BE2 /* flixsterTests */,
				6E1B94CD28D58B2900363BE2 /* flixsterUITests */,
			);
		};
/* End PBXProject section */

/* Begin PBXResourcesBuildPhase section */
		6E1B94AC28D58B2600363BE2 /* Resources */ = {
			isa = PBXResourcesBuildPhase;
			buildActionMask = 2147483647;
			files = (
				6E1B94BE28D58B2800363BE2 /* LaunchScreen.storyboard in Resources */,
				6E1B94BB28D58B2800363BE2 /* Assets.xcassets in Resources */,
				6E1B94B928D58B2600363BE2 /* Main.storyboard in Resources */,
			);
			runOnlyForDeploymentPostprocessing = 0;
		};
		6E1B94C228D58B2900363BE2 /* Resources */ = {
			isa = PBXResourcesBuildPhase;
			buildActionMask = 2147483647;
			files = (
			);
			runOnlyForDeploymentPostprocessing = 0;
		};
		6E1B94CC28D58B2900363BE2 /* Resources */ = {
			isa = PBXResourcesBuildPhase;
			buildActionMask = 2147483647;
			files = (
			);
			runOnlyForDeploymentPostprocessing = 0;
		};
/* End PBXResourcesBuildPhase section */

/* Begin PBXShellScriptBuildPhase section */
		0D84FAC9EB153F70039A4677 /* [CP] Embed Pods Frameworks */ = {
			isa = PBXShellScriptBuildPhase;
			buildActionMask = 2147483647;
			files = (
			);
			inputFileListPaths = (
				"${PODS_ROOT}/Target Support Files/Pods-flixster/Pods-flixster-frameworks-${CONFIGURATION}-input-files.xcfilelist",
			);
			name = "[CP] Embed Pods Frameworks";
			outputFileListPaths = (
				"${PODS_ROOT}/Target Support Files/Pods-flixster/Pods-flixster-frameworks-${CONFIGURATION}-output-files.xcfilelist",
			);
			runOnlyForDeploymentPostprocessing = 0;
			shellPath = /bin/sh;
			shellScript = "\"${PODS_ROOT}/Target Support Files/Pods-flixster/Pods-flixster-frameworks.sh\"\n";
			showEnvVarsInLog = 0;
		};
		3435F83D3CCD2037F13F6282 /* [CP] Check Pods Manifest.lock */ = {
			isa = PBXShellScriptBuildPhase;
			buildActionMask = 2147483647;
			files = (
			);
			inputFileListPaths = (
			);
			inputPaths = (
				"${PODS_PODFILE_DIR_PATH}/Podfile.lock",
				"${PODS_ROOT}/Manifest.lock",
			);
			name = "[CP] Check Pods Manifest.lock";
			outputFileListPaths = (
			);
			outputPaths = (
				"$(DERIVED_FILE_DIR)/Pods-flixsterTests-checkManifestLockResult.txt",
			);
			runOnlyForDeploymentPostprocessing = 0;
			shellPath = /bin/sh;
			shellScript = "diff \"${PODS_PODFILE_DIR_PATH}/Podfile.lock\" \"${PODS_ROOT}/Manifest.lock\" > /dev/null\nif [ $? != 0 ] ; then\n    # print error to STDERR\n    echo \"error: The sandbox is not in sync with the Podfile.lock. Run 'pod install' or update your CocoaPods installation.\" >&2\n    exit 1\nfi\n# This output is used by Xcode 'outputs' to avoid re-running this script phase.\necho \"SUCCESS\" > \"${SCRIPT_OUTPUT_FILE_0}\"\n";
			showEnvVarsInLog = 0;
		};
		AC35BFB76C93CF94ADBC2035 /* [CP] Check Pods Manifest.lock */ = {
			isa = PBXShellScriptBuildPhase;
			buildActionMask = 2147483647;
			files = (
			);
			inputFileListPaths = (
			);
			inputPaths = (
				"${PODS_PODFILE_DIR_PATH}/Podfile.lock",
				"${PODS_ROOT}/Manifest.lock",
			);
			name = "[CP] Check Pods Manifest.lock";
			outputFileListPaths = (
			);
			outputPaths = (
				"$(DERIVED_FILE_DIR)/Pods-flixster-checkManifestLockResult.txt",
			);
			runOnlyForDeploymentPostprocessing = 0;
			shellPath = /bin/sh;
			shellScript = "diff \"${PODS_PODFILE_DIR_PATH}/Podfile.lock\" \"${PODS_ROOT}/Manifest.lock\" > /dev/null\nif [ $? != 0 ] ; then\n    # print error to STDERR\n    echo \"error: The sandbox is not in sync with the Podfile.lock. Run 'pod install' or update your CocoaPods installation.\" >&2\n    exit 1\nfi\n# This output is used by Xcode 'outputs' to avoid re-running this script phase.\necho \"SUCCESS\" > \"${SCRIPT_OUTPUT_FILE_0}\"\n";
			showEnvVarsInLog = 0;
		};
		CEF37A79186828BE1FF3B8AF /* [CP] Embed Pods Frameworks */ = {
			isa = PBXShellScriptBuildPhase;
			buildActionMask = 2147483647;
			files = (
			);
			inputFileListPaths = (
				"${PODS_ROOT}/Target Support Files/Pods-flixster-flixsterUITests/Pods-flixster-flixsterUITests-frameworks-${CONFIGURATION}-input-files.xcfilelist",
			);
			name = "[CP] Embed Pods Frameworks";
			outputFileListPaths = (
				"${PODS_ROOT}/Target Support Files/Pods-flixster-flixsterUITests/Pods-flixster-flixsterUITests-frameworks-${CONFIGURATION}-output-files.xcfilelist",
			);
			runOnlyForDeploymentPostprocessing = 0;
			shellPath = /bin/sh;
			shellScript = "\"${PODS_ROOT}/Target Support Files/Pods-flixster-flixsterUITests/Pods-flixster-flixsterUITests-frameworks.sh\"\n";
			showEnvVarsInLog = 0;
		};
		E32C461200D07A534F38AE6E /* [CP] Check Pods Manifest.lock */ = {
			isa = PBXShellScriptBuildPhase;
			buildActionMask = 2147483647;
			files = (
			);
			inputFileListPaths = (
			);
			inputPaths = (
				"${PODS_PODFILE_DIR_PATH}/Podfile.lock",
				"${PODS_ROOT}/Manifest.lock",
			);
			name = "[CP] Check Pods Manifest.lock";
			outputFileListPaths = (
			);
			outputPaths = (
				"$(DERIVED_FILE_DIR)/Pods-flixster-flixsterUITests-checkManifestLockResult.txt",
			);
			runOnlyForDeploymentPostprocessing = 0;
			shellPath = /bin/sh;
			shellScript = "diff \"${PODS_PODFILE_DIR_PATH}/Podfile.lock\" \"${PODS_ROOT}/Manifest.lock\" > /dev/null\nif [ $? != 0 ] ; then\n    # print error to STDERR\n    echo \"error: The sandbox is not in sync with the Podfile.lock. Run 'pod install' or update your CocoaPods installation.\" >&2\n    exit 1\nfi\n# This output is used by Xcode 'outputs' to avoid re-running this script phase.\necho \"SUCCESS\" > \"${SCRIPT_OUTPUT_FILE_0}\"\n";
			showEnvVarsInLog = 0;
		};
/* End PBXShellScriptBuildPhase section */

/* Begin PBXSourcesBuildPhase section */
		6E1B94AA28D58B2600363BE2 /* Sources */ = {
			isa = PBXSourcesBuildPhase;
			buildActionMask = 2147483647;
			files = (
				6E791CD228DEC7370035737F /* MovieDetailsViewController.swift in Sources */,
				6E1B94B628D58B2600363BE2 /* ViewController.swift in Sources */,
				6E1B94B228D58B2600363BE2 /* AppDelegate.swift in Sources */,
				6E1B94E228D591DA00363BE2 /* MovieCell.swift in Sources */,
				6E1B94B428D58B2600363BE2 /* SceneDelegate.swift in Sources */,
				6E791CD428DED1250035737F /* MovieGridViewController.swift in Sources */,
				6E791CD628DED4DF0035737F /* MovieGridCell.swift in Sources */,
			);
			runOnlyForDeploymentPostprocessing = 0;
		};
		6E1B94C028D58B2900363BE2 /* Sources */ = {
			isa = PBXSourcesBuildPhase;
			buildActionMask = 2147483647;
			files = (
				6E1B94C928D58B2900363BE2 /* flixsterTests.swift in Sources */,
			);
			runOnlyForDeploymentPostprocessing = 0;
		};
		6E1B94CA28D58B2900363BE2 /* Sources */ = {
			isa = PBXSourcesBuildPhase;
			buildActionMask = 2147483647;
			files = (
				6E1B94D528D58B2900363BE2 /* flixsterUITestsLaunchTests.swift in Sources */,
				6E1B94D328D58B2900363BE2 /* flixsterUITests.swift in Sources */,
			);
			runOnlyForDeploymentPostprocessing = 0;
		};
/* End PBXSourcesBuildPhase section */

/* Begin PBXTargetDependency section */
		6E1B94C628D58B2900363BE2 /* PBXTargetDependency */ = {
			isa = PBXTargetDependency;
			target = 6E1B94AD28D58B2600363BE2 /* flixster */;
			targetProxy = 6E1B94C528D58B2900363BE2 /* PBXContainerItemProxy */;
		};
		6E1B94D028D58B2900363BE2 /* PBXTargetDependency */ = {
			isa = PBXTargetDependency;
			target = 6E1B94AD28D58B2600363BE2 /* flixster */;
			targetProxy = 6E1B94CF28D58B2900363BE2 /* PBXContainerItemProxy */;
		};
/* End PBXTargetDependency section */

/* Begin PBXVariantGroup section */
		6E1B94B728D58B2600363BE2 /* Main.storyboard */ = {
			isa = PBXVariantGroup;
			children = (
				6E1B94B828D58B2600363BE2 /* Base */,
			);
			name = Main.storyboard;
			sourceTree = "<group>";
		};
		6E1B94BC28D58B2800363BE2 /* LaunchScreen.storyboard */ = {
			isa = PBXVariantGroup;
			children = (
				6E1B94BD28D58B2800363BE2 /* Base */,
			);
			name = LaunchScreen.storyboard;
			sourceTree = "<group>";
		};
/* End PBXVariantGroup section */

/* Begin XCBuildConfiguration section */
		6E1B94D628D58B2900363BE2 /* Debug */ = {
			isa = XCBuildConfiguration;
			buildSettings = {
				ALWAYS_SEARCH_USER_PATHS = NO;
				CLANG_ANALYZER_NONNULL = YES;
				CLANG_ANALYZER_NUMBER_OBJECT_CONVERSION = YES_AGGRESSIVE;
				CLANG_CXX_LANGUAGE_STANDARD = "gnu++17";
				CLANG_ENABLE_MODULES = YES;
				CLANG_ENABLE_OBJC_ARC = YES;
				CLANG_ENABLE_OBJC_WEAK = YES;
				CLANG_WARN_BLOCK_CAPTURE_AUTORELEASING = YES;
				CLANG_WARN_BOOL_CONVERSION = YES;
				CLANG_WARN_COMMA = YES;
				CLANG_WARN_CONSTANT_CONVERSION = YES;
				CLANG_WARN_DEPRECATED_OBJC_IMPLEMENTATIONS = YES;
				CLANG_WARN_DIRECT_OBJC_ISA_USAGE = YES_ERROR;
				CLANG_WARN_DOCUMENTATION_COMMENTS = YES;
				CLANG_WARN_EMPTY_BODY = YES;
				CLANG_WARN_ENUM_CONVERSION = YES;
				CLANG_WARN_INFINITE_RECURSION = YES;
				CLANG_WARN_INT_CONVERSION = YES;
				CLANG_WARN_NON_LITERAL_NULL_CONVERSION = YES;
				CLANG_WARN_OBJC_IMPLICIT_RETAIN_SELF = YES;
				CLANG_WARN_OBJC_LITERAL_CONVERSION = YES;
				CLANG_WARN_OBJC_ROOT_CLASS = YES_ERROR;
				CLANG_WARN_QUOTED_INCLUDE_IN_FRAMEWORK_HEADER = YES;
				CLANG_WARN_RANGE_LOOP_ANALYSIS = YES;
				CLANG_WARN_STRICT_PROTOTYPES = YES;
				CLANG_WARN_SUSPICIOUS_MOVE = YES;
				CLANG_WARN_UNGUARDED_AVAILABILITY = YES_AGGRESSIVE;
				CLANG_WARN_UNREACHABLE_CODE = YES;
				CLANG_WARN__DUPLICATE_METHOD_MATCH = YES;
				COPY_PHASE_STRIP = NO;
				DEBUG_INFORMATION_FORMAT = dwarf;
				ENABLE_STRICT_OBJC_MSGSEND = YES;
				ENABLE_TESTABILITY = YES;
				GCC_C_LANGUAGE_STANDARD = gnu11;
				GCC_DYNAMIC_NO_PIC = NO;
				GCC_NO_COMMON_BLOCKS = YES;
				GCC_OPTIMIZATION_LEVEL = 0;
				GCC_PREPROCESSOR_DEFINITIONS = (
					"DEBUG=1",
					"$(inherited)",
				);
				GCC_WARN_64_TO_32_BIT_CONVERSION = YES;
				GCC_WARN_ABOUT_RETURN_TYPE = YES_ERROR;
				GCC_WARN_UNDECLARED_SELECTOR = YES;
				GCC_WARN_UNINITIALIZED_AUTOS = YES_AGGRESSIVE;
				GCC_WARN_UNUSED_FUNCTION = YES;
				GCC_WARN_UNUSED_VARIABLE = YES;
				IPHONEOS_DEPLOYMENT_TARGET = 15.5;
				MTL_ENABLE_DEBUG_INFO = INCLUDE_SOURCE;
				MTL_FAST_MATH = YES;
				ONLY_ACTIVE_ARCH = YES;
				SDKROOT = iphoneos;
				SWIFT_ACTIVE_COMPILATION_CONDITIONS = DEBUG;
				SWIFT_OPTIMIZATION_LEVEL = "-Onone";
			};
			name = Debug;
		};
		6E1B94D728D58B2900363BE2 /* Release */ = {
			isa = XCBuildConfiguration;
			buildSettings = {
				ALWAYS_SEARCH_USER_PATHS = NO;
				CLANG_ANALYZER_NONNULL = YES;
				CLANG_ANALYZER_NUMBER_OBJECT_CONVERSION = YES_AGGRESSIVE;
				CLANG_CXX_LANGUAGE_STANDARD = "gnu++17";
				CLANG_ENABLE_MODULES = YES;
				CLANG_ENABLE_OBJC_ARC = YES;
				CLANG_ENABLE_OBJC_WEAK = YES;
				CLANG_WARN_BLOCK_CAPTURE_AUTORELEASING = YES;
				CLANG_WARN_BOOL_CONVERSION = YES;
				CLANG_WARN_COMMA = YES;
				CLANG_WARN_CONSTANT_CONVERSION = YES;
				CLANG_WARN_DEPRECATED_OBJC_IMPLEMENTATIONS = YES;
				CLANG_WARN_DIRECT_OBJC_ISA_USAGE = YES_ERROR;
				CLANG_WARN_DOCUMENTATION_COMMENTS = YES;
				CLANG_WARN_EMPTY_BODY = YES;
				CLANG_WARN_ENUM_CONVERSION = YES;
				CLANG_WARN_INFINITE_RECURSION = YES;
				CLANG_WARN_INT_CONVERSION = YES;
				CLANG_WARN_NON_LITERAL_NULL_CONVERSION = YES;
				CLANG_WARN_OBJC_IMPLICIT_RETAIN_SELF = YES;
				CLANG_WARN_OBJC_LITERAL_CONVERSION = YES;
				CLANG_WARN_OBJC_ROOT_CLASS = YES_ERROR;
				CLANG_WARN_QUOTED_INCLUDE_IN_FRAMEWORK_HEADER = YES;
				CLANG_WARN_RANGE_LOOP_ANALYSIS = YES;
				CLANG_WARN_STRICT_PROTOTYPES = YES;
				CLANG_WARN_SUSPICIOUS_MOVE = YES;
				CLANG_WARN_UNGUARDED_AVAILABILITY = YES_AGGRESSIVE;
				CLANG_WARN_UNREACHABLE_CODE = YES;
				CLANG_WARN__DUPLICATE_METHOD_MATCH = YES;
				COPY_PHASE_STRIP = NO;
				DEBUG_INFORMATION_FORMAT = "dwarf-with-dsym";
				ENABLE_NS_ASSERTIONS = NO;
				ENABLE_STRICT_OBJC_MSGSEND = YES;
				GCC_C_LANGUAGE_STANDARD = gnu11;
				GCC_NO_COMMON_BLOCKS = YES;
				GCC_WARN_64_TO_32_BIT_CONVERSION = YES;
				GCC_WARN_ABOUT_RETURN_TYPE = YES_ERROR;
				GCC_WARN_UNDECLARED_SELECTOR = YES;
				GCC_WARN_UNINITIALIZED_AUTOS = YES_AGGRESSIVE;
				GCC_WARN_UNUSED_FUNCTION = YES;
				GCC_WARN_UNUSED_VARIABLE = YES;
				IPHONEOS_DEPLOYMENT_TARGET = 15.5;
				MTL_ENABLE_DEBUG_INFO = NO;
				MTL_FAST_MATH = YES;
				SDKROOT = iphoneos;
				SWIFT_COMPILATION_MODE = wholemodule;
				SWIFT_OPTIMIZATION_LEVEL = "-O";
				VALIDATE_PRODUCT = YES;
			};
			name = Release;
		};
		6E1B94D928D58B2900363BE2 /* Debug */ = {
			isa = XCBuildConfiguration;
			baseConfigurationReference = BC2FA39342F4C34D0C9AD998 /* Pods-flixster.debug.xcconfig */;
			buildSettings = {
				ASSETCATALOG_COMPILER_APPICON_NAME = AppIcon;
				ASSETCATALOG_COMPILER_GLOBAL_ACCENT_COLOR_NAME = AccentColor;
				CODE_SIGN_STYLE = Automatic;
				CURRENT_PROJECT_VERSION = 1;
				DEVELOPMENT_TEAM = DPXGQ67B4F;
				GENERATE_INFOPLIST_FILE = YES;
				INFOPLIST_FILE = flixster/Info.plist;
				INFOPLIST_KEY_UIApplicationSupportsIndirectInputEvents = YES;
				INFOPLIST_KEY_UILaunchStoryboardName = LaunchScreen;
				INFOPLIST_KEY_UIMainStoryboardFile = Main;
				INFOPLIST_KEY_UISupportedInterfaceOrientations_iPad = "UIInterfaceOrientationPortrait UIInterfaceOrientationPortraitUpsideDown UIInterfaceOrientationLandscapeLeft UIInterfaceOrientationLandscapeRight";
				INFOPLIST_KEY_UISupportedInterfaceOrientations_iPhone = "UIInterfaceOrientationPortrait UIInterfaceOrientationLandscapeLeft UIInterfaceOrientationLandscapeRight";
				LD_RUNPATH_SEARCH_PATHS = (
					"$(inherited)",
					"@executable_path/Frameworks",
				);
				MARKETING_VERSION = 1.0;
				PRODUCT_BUNDLE_IDENTIFIER = com.thien.flixster;
				PRODUCT_NAME = "$(TARGET_NAME)";
				SWIFT_EMIT_LOC_STRINGS = YES;
				SWIFT_VERSION = 5.0;
				TARGETED_DEVICE_FAMILY = "1,2";
			};
			name = Debug;
		};
		6E1B94DA28D58B2900363BE2 /* Release */ = {
			isa = XCBuildConfiguration;
			baseConfigurationReference = 7787F674318AFFB34888C62B /* Pods-flixster.release.xcconfig */;
			buildSettings = {
				ASSETCATALOG_COMPILER_APPICON_NAME = AppIcon;
				ASSETCATALOG_COMPILER_GLOBAL_ACCENT_COLOR_NAME = AccentColor;
				CODE_SIGN_STYLE = Automatic;
				CURRENT_PROJECT_VERSION = 1;
				DEVELOPMENT_TEAM = DPXGQ67B4F;
				GENERATE_INFOPLIST_FILE = YES;
				INFOPLIST_FILE = flixster/Info.plist;
				INFOPLIST_KEY_UIApplicationSupportsIndirectInputEvents = YES;
				INFOPLIST_KEY_UILaunchStoryboardName = LaunchScreen;
				INFOPLIST_KEY_UIMainStoryboardFile = Main;
				INFOPLIST_KEY_UISupportedInterfaceOrientations_iPad = "UIInterfaceOrientationPortrait UIInterfaceOrientationPortraitUpsideDown UIInterfaceOrientationLandscapeLeft UIInterfaceOrientationLandscapeRight";
				INFOPLIST_KEY_UISupportedInterfaceOrientations_iPhone = "UIInterfaceOrientationPortrait UIInterfaceOrientationLandscapeLeft UIInterfaceOrientationLandscapeRight";
				LD_RUNPATH_SEARCH_PATHS = (
					"$(inherited)",
					"@executable_path/Frameworks",
				);
				MARKETING_VERSION = 1.0;
				PRODUCT_BUNDLE_IDENTIFIER = com.thien.flixster;
				PRODUCT_NAME = "$(TARGET_NAME)";
				SWIFT_EMIT_LOC_STRINGS = YES;
				SWIFT_VERSION = 5.0;
				TARGETED_DEVICE_FAMILY = "1,2";
			};
			name = Release;
		};
		6E1B94DC28D58B2900363BE2 /* Debug */ = {
			isa = XCBuildConfiguration;
			baseConfigurationReference = 3C1DBC64AFF3AA1DFFE25F25 /* Pods-flixsterTests.debug.xcconfig */;
			buildSettings = {
				ALWAYS_EMBED_SWIFT_STANDARD_LIBRARIES = YES;
				BUNDLE_LOADER = "$(TEST_HOST)";
				CODE_SIGN_STYLE = Automatic;
				CURRENT_PROJECT_VERSION = 1;
				DEVELOPMENT_TEAM = DPXGQ67B4F;
				GENERATE_INFOPLIST_FILE = YES;
				IPHONEOS_DEPLOYMENT_TARGET = 15.5;
				MARKETING_VERSION = 1.0;
				PRODUCT_BUNDLE_IDENTIFIER = com.thien.flixsterTests;
				PRODUCT_NAME = "$(TARGET_NAME)";
				SWIFT_EMIT_LOC_STRINGS = NO;
				SWIFT_VERSION = 5.0;
				TARGETED_DEVICE_FAMILY = "1,2";
				TEST_HOST = "$(BUILT_PRODUCTS_DIR)/flixster.app/flixster";
			};
			name = Debug;
		};
		6E1B94DD28D58B2900363BE2 /* Release */ = {
			isa = XCBuildConfiguration;
			baseConfigurationReference = 03A52CA1701B88EBF7F46E96 /* Pods-flixsterTests.release.xcconfig */;
			buildSettings = {
				ALWAYS_EMBED_SWIFT_STANDARD_LIBRARIES = YES;
				BUNDLE_LOADER = "$(TEST_HOST)";
				CODE_SIGN_STYLE = Automatic;
				CURRENT_PROJECT_VERSION = 1;
				DEVELOPMENT_TEAM = DPXGQ67B4F;
				GENERATE_INFOPLIST_FILE = YES;
				IPHONEOS_DEPLOYMENT_TARGET = 15.5;
				MARKETING_VERSION = 1.0;
				PRODUCT_BUNDLE_IDENTIFIER = com.thien.flixsterTests;
				PRODUCT_NAME = "$(TARGET_NAME)";
				SWIFT_EMIT_LOC_STRINGS = NO;
				SWIFT_VERSION = 5.0;
				TARGETED_DEVICE_FAMILY = "1,2";
				TEST_HOST = "$(BUILT_PRODUCTS_DIR)/flixster.app/flixster";
			};
			name = Release;
		};
		6E1B94DF28D58B2900363BE2 /* Debug */ = {
			isa = XCBuildConfiguration;
			baseConfigurationReference = 37135723D465DA9028166CD7 /* Pods-flixster-flixsterUITests.debug.xcconfig */;
			buildSettings = {
				ALWAYS_EMBED_SWIFT_STANDARD_LIBRARIES = YES;
				CODE_SIGN_STYLE = Automatic;
				CURRENT_PROJECT_VERSION = 1;
				DEVELOPMENT_TEAM = DPXGQ67B4F;
				GENERATE_INFOPLIST_FILE = YES;
				MARKETING_VERSION = 1.0;
				PRODUCT_BUNDLE_IDENTIFIER = com.thien.flixsterUITests;
				PRODUCT_NAME = "$(TARGET_NAME)";
				SWIFT_EMIT_LOC_STRINGS = NO;
				SWIFT_VERSION = 5.0;
				TARGETED_DEVICE_FAMILY = "1,2";
				TEST_TARGET_NAME = flixster;
			};
			name = Debug;
		};
		6E1B94E028D58B2900363BE2 /* Release */ = {
			isa = XCBuildConfiguration;
			baseConfigurationReference = 0F8E78F085B5A92BD6DA54FB /* Pods-flixster-flixsterUITests.release.xcconfig */;
			buildSettings = {
				ALWAYS_EMBED_SWIFT_STANDARD_LIBRARIES = YES;
				CODE_SIGN_STYLE = Automatic;
				CURRENT_PROJECT_VERSION = 1;
				DEVELOPMENT_TEAM = DPXGQ67B4F;
				GENERATE_INFOPLIST_FILE = YES;
				MARKETING_VERSION = 1.0;
				PRODUCT_BUNDLE_IDENTIFIER = com.thien.flixsterUITests;
				PRODUCT_NAME = "$(TARGET_NAME)";
				SWIFT_EMIT_LOC_STRINGS = NO;
				SWIFT_VERSION = 5.0;
				TARGETED_DEVICE_FAMILY = "1,2";
				TEST_TARGET_NAME = flixster;
			};
			name = Release;
		};
/* End XCBuildConfiguration section */

/* Begin XCConfigurationList section */
		6E1B94A928D58B2500363BE2 /* Build configuration list for PBXProject "flixster" */ = {
			isa = XCConfigurationList;
			buildConfigurations = (
				6E1B94D628D58B2900363BE2 /* Debug */,
				6E1B94D728D58B2900363BE2 /* Release */,
			);
			defaultConfigurationIsVisible = 0;
			defaultConfigurationName = Release;
		};
		6E1B94D828D58B2900363BE2 /* Build configuration list for PBXNativeTarget "flixster" */ = {
			isa = XCConfigurationList;
			buildConfigurations = (
				6E1B94D928D58B2900363BE2 /* Debug */,
				6E1B94DA28D58B2900363BE2 /* Release */,
			);
			defaultConfigurationIsVisible = 0;
			defaultConfigurationName = Release;
		};
		6E1B94DB28D58B2900363BE2 /* Build configuration list for PBXNativeTarget "flixsterTests" */ = {
			isa = XCConfigurationList;
			buildConfigurations = (
				6E1B94DC28D58B2900363BE2 /* Debug */,
				6E1B94DD28D58B2900363BE2 /* Release */,
			);
			defaultConfigurationIsVisible = 0;
			defaultConfigurationName = Release;
		};
		6E1B94DE28D58B2900363BE2 /* Build configuration list for PBXNativeTarget "flixsterUITests" */ = {
			isa = XCConfigurationList;
			buildConfigurations = (
				6E1B94DF28D58B2900363BE2 /* Debug */,
				6E1B94E028D58B2900363BE2 /* Release */,
			);
			defaultConfigurationIsVisible = 0;
			defaultConfigurationName = Release;
		};
/* End XCConfigurationList section */
	};
	rootObject = 6E1B94A628D58B2500363BE2 /* Project object */;
}
